
Microsoft Visual Studio Solution File, Format Version 12.00
# Visual Studio Version 16
VisualStudioVersion = 16.0.30114.105
MinimumVisualStudioVersion = 10.0.40219.1
Project("{2150E333-8FDC-42A3-9474-1A3956D46DE8}") = "src", "src", "{10927921-A55F-47E2-94BA-B72ECA788F50}"
EndProject
Project("{FAE04EC0-301F-11D3-BF4B-00C04F79EFBC}") = "Stripe.Extensions.DependencyInjection", "src\Stripe.Extensions.DependencyInjection\Stripe.Extensions.DependencyInjection.csproj", "{A4B643BF-EE09-4CB8-BFE4-22E9C8ED60C6}"
EndProject
Project("{2150E333-8FDC-42A3-9474-1A3956D46DE8}") = "samples", "samples", "{FE8D9879-639A-4B46-A627-6DB1BCFA41E6}"
EndProject
Project("{FAE04EC0-301F-11D3-BF4B-00C04F79EFBC}") = "SampleCheckout", "samples\SampleCheckout\SampleCheckout.csproj", "{B1ADE3FD-88D9-4480-B0DB-256560DE8352}"
EndProject
Project("{FAE04EC0-301F-11D3-BF4B-00C04F79EFBC}") = "Stripe.Extensions.AspNetCore", "src\Stripe.Extensions.AspNetCore\Stripe.Extensions.AspNetCore.csproj", "{9EE1B0FC-B484-43B3-8DB9-6EDBCB2C0A09}"
EndProject
Project("{FAE04EC0-301F-11D3-BF4B-00C04F79EFBC}") = "Stripe.Extensions.AspNetCore.SourceGenerators", "src\Stripe.Extensions.AspNetCore.SourceGenerators\Stripe.Extensions.AspNetCore.SourceGenerators.csproj", "{06C2FB48-2793-46B7-9420-DF1E5B56264D}"
EndProject
Project("{2150E333-8FDC-42A3-9474-1A3956D46DE8}") = "tests", "tests", "{A01CFCC5-52FD-4C50-AF65-C9C66D10BC8A}"
EndProject
Project("{FAE04EC0-301F-11D3-BF4B-00C04F79EFBC}") = "Stripe.Extensions.AspNetCore.Tests", "tests\Stripe.Extensions.AspNetCore.Tests\Stripe.Extensions.AspNetCore.Tests.csproj", "{43A5C314-149B-4434-9D3C-5A0650CE4E9C}"
EndProject
Project("{FAE04EC0-301F-11D3-BF4B-00C04F79EFBC}") = "Stripe.Extensions.DependencyInjection.Tests", "tests\Stripe.Extensions.DependencyInjection.Tests\Stripe.Extensions.DependencyInjection.Tests.csproj", "{66DDC5B6-42B8-4DE6-BE7B-6A021C135184}"
EndProject
Project("{FAE04EC0-301F-11D3-BF4B-00C04F79EFBC}") = "Stripe.Extensions.AspNetCore.SourceGenerators.Tests", "tests\Stripe.Extensions.AspNetCore.SourceGenerators.Tests\Stripe.Extensions.AspNetCore.SourceGenerators.Tests.csproj", "{DE13C395-7236-4410-8439-D1A366A24789}"
EndProject
Project("{FAE04EC0-301F-11D3-BF4B-00C04F79EFBC}") = "Stripe.Hosting.Aspire", "src\Stripe.Hosting.Aspire\Stripe.Hosting.Aspire.csproj", "{E6E8C9ED-6417-4246-A27B-A6FA18411266}"
EndProject
Project("{FAE04EC0-301F-11D3-BF4B-00C04F79EFBC}") = "Stripe.Hosting.Aspire.Tests", "tests\Stripe.Hosting.Aspire.Tests\Stripe.Hosting.Aspire.Tests.csproj", "{F520A3A0-DEF2-45BF-9D22-3DD65E1A48CF}"
EndProject
Project("{FAE04EC0-301F-11D3-BF4B-00C04F79EFBC}") = "SampleCheckout.AppHost", "samples\SampleCheckout.AppHost\SampleCheckout.AppHost.csproj", "{8079BC9B-8B2E-4567-BCFC-7DAFCDA7A210}"
EndProject
Project("{FAE04EC0-301F-11D3-BF4B-00C04F79EFBC}") = "SampleEventNotifications", "samples\SampleEventNotifications\SampleEventNotifications.csproj", "{60F097C3-5FFD-40E2-8939-1CF1B6DF51C9}"
EndProject
Global
	GlobalSection(SolutionConfigurationPlatforms) = preSolution
		Debug|Any CPU = Debug|Any CPU
		Debug|x64 = Debug|x64
		Debug|x86 = Debug|x86
		Release|Any CPU = Release|Any CPU
		Release|x64 = Release|x64
		Release|x86 = Release|x86
	EndGlobalSection
	GlobalSection(ProjectConfigurationPlatforms) = postSolution
		{A4B643BF-EE09-4CB8-BFE4-22E9C8ED60C6}.Debug|Any CPU.ActiveCfg = Debug|Any CPU
		{A4B643BF-EE09-4CB8-BFE4-22E9C8ED60C6}.Debug|Any CPU.Build.0 = Debug|Any CPU
		{A4B643BF-EE09-4CB8-BFE4-22E9C8ED60C6}.Debug|x64.ActiveCfg = Debug|Any CPU
		{A4B643BF-EE09-4CB8-BFE4-22E9C8ED60C6}.Debug|x64.Build.0 = Debug|Any CPU
		{A4B643BF-EE09-4CB8-BFE4-22E9C8ED60C6}.Debug|x86.ActiveCfg = Debug|Any CPU
		{A4B643BF-EE09-4CB8-BFE4-22E9C8ED60C6}.Debug|x86.Build.0 = Debug|Any CPU
		{A4B643BF-EE09-4CB8-BFE4-22E9C8ED60C6}.Release|Any CPU.ActiveCfg = Release|Any CPU
		{A4B643BF-EE09-4CB8-BFE4-22E9C8ED60C6}.Release|Any CPU.Build.0 = Release|Any CPU
		{A4B643BF-EE09-4CB8-BFE4-22E9C8ED60C6}.Release|x64.ActiveCfg = Release|Any CPU
		{A4B643BF-EE09-4CB8-BFE4-22E9C8ED60C6}.Release|x64.Build.0 = Release|Any CPU
		{A4B643BF-EE09-4CB8-BFE4-22E9C8ED60C6}.Release|x86.ActiveCfg = Release|Any CPU
		{A4B643BF-EE09-4CB8-BFE4-22E9C8ED60C6}.Release|x86.Build.0 = Release|Any CPU
		{B1ADE3FD-88D9-4480-B0DB-256560DE8352}.Debug|Any CPU.ActiveCfg = Debug|Any CPU
		{B1ADE3FD-88D9-4480-B0DB-256560DE8352}.Debug|Any CPU.Build.0 = Debug|Any CPU
		{B1ADE3FD-88D9-4480-B0DB-256560DE8352}.Debug|x64.ActiveCfg = Debug|Any CPU
		{B1ADE3FD-88D9-4480-B0DB-256560DE8352}.Debug|x64.Build.0 = Debug|Any CPU
		{B1ADE3FD-88D9-4480-B0DB-256560DE8352}.Debug|x86.ActiveCfg = Debug|Any CPU
		{B1ADE3FD-88D9-4480-B0DB-256560DE8352}.Debug|x86.Build.0 = Debug|Any CPU
		{B1ADE3FD-88D9-4480-B0DB-256560DE8352}.Release|Any CPU.ActiveCfg = Release|Any CPU
		{B1ADE3FD-88D9-4480-B0DB-256560DE8352}.Release|Any CPU.Build.0 = Release|Any CPU
		{B1ADE3FD-88D9-4480-B0DB-256560DE8352}.Release|x64.ActiveCfg = Release|Any CPU
		{B1ADE3FD-88D9-4480-B0DB-256560DE8352}.Release|x64.Build.0 = Release|Any CPU
		{B1ADE3FD-88D9-4480-B0DB-256560DE8352}.Release|x86.ActiveCfg = Release|Any CPU
		{B1ADE3FD-88D9-4480-B0DB-256560DE8352}.Release|x86.Build.0 = Release|Any CPU
		{9EE1B0FC-B484-43B3-8DB9-6EDBCB2C0A09}.Debug|Any CPU.ActiveCfg = Debug|Any CPU
		{9EE1B0FC-B484-43B3-8DB9-6EDBCB2C0A09}.Debug|Any CPU.Build.0 = Debug|Any CPU
		{9EE1B0FC-B484-43B3-8DB9-6EDBCB2C0A09}.Debug|x64.ActiveCfg = Debug|Any CPU
		{9EE1B0FC-B484-43B3-8DB9-6EDBCB2C0A09}.Debug|x64.Build.0 = Debug|Any CPU
		{9EE1B0FC-B484-43B3-8DB9-6EDBCB2C0A09}.Debug|x86.ActiveCfg = Debug|Any CPU
		{9EE1B0FC-B484-43B3-8DB9-6EDBCB2C0A09}.Debug|x86.Build.0 = Debug|Any CPU
		{9EE1B0FC-B484-43B3-8DB9-6EDBCB2C0A09}.Release|Any CPU.ActiveCfg = Release|Any CPU
		{9EE1B0FC-B484-43B3-8DB9-6EDBCB2C0A09}.Release|Any CPU.Build.0 = Release|Any CPU
		{9EE1B0FC-B484-43B3-8DB9-6EDBCB2C0A09}.Release|x64.ActiveCfg = Release|Any CPU
		{9EE1B0FC-B484-43B3-8DB9-6EDBCB2C0A09}.Release|x64.Build.0 = Release|Any CPU
		{9EE1B0FC-B484-43B3-8DB9-6EDBCB2C0A09}.Release|x86.ActiveCfg = Release|Any CPU
		{9EE1B0FC-B484-43B3-8DB9-6EDBCB2C0A09}.Release|x86.Build.0 = Release|Any CPU
		{06C2FB48-2793-46B7-9420-DF1E5B56264D}.Debug|Any CPU.ActiveCfg = Debug|Any CPU
		{06C2FB48-2793-46B7-9420-DF1E5B56264D}.Debug|Any CPU.Build.0 = Debug|Any CPU
		{06C2FB48-2793-46B7-9420-DF1E5B56264D}.Debug|x64.ActiveCfg = Debug|Any CPU
		{06C2FB48-2793-46B7-9420-DF1E5B56264D}.Debug|x64.Build.0 = Debug|Any CPU
		{06C2FB48-2793-46B7-9420-DF1E5B56264D}.Debug|x86.ActiveCfg = Debug|Any CPU
		{06C2FB48-2793-46B7-9420-DF1E5B56264D}.Debug|x86.Build.0 = Debug|Any CPU
		{06C2FB48-2793-46B7-9420-DF1E5B56264D}.Release|Any CPU.ActiveCfg = Release|Any CPU
		{06C2FB48-2793-46B7-9420-DF1E5B56264D}.Release|Any CPU.Build.0 = Release|Any CPU
		{06C2FB48-2793-46B7-9420-DF1E5B56264D}.Release|x64.ActiveCfg = Release|Any CPU
		{06C2FB48-2793-46B7-9420-DF1E5B56264D}.Release|x64.Build.0 = Release|Any CPU
		{06C2FB48-2793-46B7-9420-DF1E5B56264D}.Release|x86.ActiveCfg = Release|Any CPU
		{06C2FB48-2793-46B7-9420-DF1E5B56264D}.Release|x86.Build.0 = Release|Any CPU
		{43A5C314-149B-4434-9D3C-5A0650CE4E9C}.Debug|Any CPU.ActiveCfg = Debug|Any CPU
		{43A5C314-149B-4434-9D3C-5A0650CE4E9C}.Debug|Any CPU.Build.0 = Debug|Any CPU
		{43A5C314-149B-4434-9D3C-5A0650CE4E9C}.Debug|x64.ActiveCfg = Debug|Any CPU
		{43A5C314-149B-4434-9D3C-5A0650CE4E9C}.Debug|x64.Build.0 = Debug|Any CPU
		{43A5C314-149B-4434-9D3C-5A0650CE4E9C}.Debug|x86.ActiveCfg = Debug|Any CPU
		{43A5C314-149B-4434-9D3C-5A0650CE4E9C}.Debug|x86.Build.0 = Debug|Any CPU
		{43A5C314-149B-4434-9D3C-5A0650CE4E9C}.Release|Any CPU.ActiveCfg = Release|Any CPU
		{43A5C314-149B-4434-9D3C-5A0650CE4E9C}.Release|Any CPU.Build.0 = Release|Any CPU
		{43A5C314-149B-4434-9D3C-5A0650CE4E9C}.Release|x64.ActiveCfg = Release|Any CPU
		{43A5C314-149B-4434-9D3C-5A0650CE4E9C}.Release|x64.Build.0 = Release|Any CPU
		{43A5C314-149B-4434-9D3C-5A0650CE4E9C}.Release|x86.ActiveCfg = Release|Any CPU
		{43A5C314-149B-4434-9D3C-5A0650CE4E9C}.Release|x86.Build.0 = Release|Any CPU
		{66DDC5B6-42B8-4DE6-BE7B-6A021C135184}.Debug|Any CPU.ActiveCfg = Debug|Any CPU
		{66DDC5B6-42B8-4DE6-BE7B-6A021C135184}.Debug|Any CPU.Build.0 = Debug|Any CPU
		{66DDC5B6-42B8-4DE6-BE7B-6A021C135184}.Debug|x64.ActiveCfg = Debug|Any CPU
		{66DDC5B6-42B8-4DE6-BE7B-6A021C135184}.Debug|x64.Build.0 = Debug|Any CPU
		{66DDC5B6-42B8-4DE6-BE7B-6A021C135184}.Debug|x86.ActiveCfg = Debug|Any CPU
		{66DDC5B6-42B8-4DE6-BE7B-6A021C135184}.Debug|x86.Build.0 = Debug|Any CPU
		{66DDC5B6-42B8-4DE6-BE7B-6A021C135184}.Release|Any CPU.ActiveCfg = Release|Any CPU
		{66DDC5B6-42B8-4DE6-BE7B-6A021C135184}.Release|Any CPU.Build.0 = Release|Any CPU
		{66DDC5B6-42B8-4DE6-BE7B-6A021C135184}.Release|x64.ActiveCfg = Release|Any CPU
		{66DDC5B6-42B8-4DE6-BE7B-6A021C135184}.Release|x64.Build.0 = Release|Any CPU
		{66DDC5B6-42B8-4DE6-BE7B-6A021C135184}.Release|x86.ActiveCfg = Release|Any CPU
		{66DDC5B6-42B8-4DE6-BE7B-6A021C135184}.Release|x86.Build.0 = Release|Any CPU
		{DE13C395-7236-4410-8439-D1A366A24789}.Debug|Any CPU.ActiveCfg = Debug|Any CPU
		{DE13C395-7236-4410-8439-D1A366A24789}.Debug|Any CPU.Build.0 = Debug|Any CPU
		{DE13C395-7236-4410-8439-D1A366A24789}.Debug|x64.ActiveCfg = Debug|Any CPU
		{DE13C395-7236-4410-8439-D1A366A24789}.Debug|x64.Build.0 = Debug|Any CPU
		{DE13C395-7236-4410-8439-D1A366A24789}.Debug|x86.ActiveCfg = Debug|Any CPU
		{DE13C395-7236-4410-8439-D1A366A24789}.Debug|x86.Build.0 = Debug|Any CPU
		{DE13C395-7236-4410-8439-D1A366A24789}.Release|Any CPU.ActiveCfg = Release|Any CPU
		{DE13C395-7236-4410-8439-D1A366A24789}.Release|Any CPU.Build.0 = Release|Any CPU
		{DE13C395-7236-4410-8439-D1A366A24789}.Release|x64.ActiveCfg = Release|Any CPU
		{DE13C395-7236-4410-8439-D1A366A24789}.Release|x64.Build.0 = Release|Any CPU
		{DE13C395-7236-4410-8439-D1A366A24789}.Release|x86.ActiveCfg = Release|Any CPU
		{DE13C395-7236-4410-8439-D1A366A24789}.Release|x86.Build.0 = Release|Any CPU
		{E6E8C9ED-6417-4246-A27B-A6FA18411266}.Debug|Any CPU.ActiveCfg = Debug|Any CPU
		{E6E8C9ED-6417-4246-A27B-A6FA18411266}.Debug|Any CPU.Build.0 = Debug|Any CPU
		{E6E8C9ED-6417-4246-A27B-A6FA18411266}.Debug|x64.ActiveCfg = Debug|Any CPU
		{E6E8C9ED-6417-4246-A27B-A6FA18411266}.Debug|x64.Build.0 = Debug|Any CPU
		{E6E8C9ED-6417-4246-A27B-A6FA18411266}.Debug|x86.ActiveCfg = Debug|Any CPU
		{E6E8C9ED-6417-4246-A27B-A6FA18411266}.Debug|x86.Build.0 = Debug|Any CPU
		{E6E8C9ED-6417-4246-A27B-A6FA18411266}.Release|Any CPU.ActiveCfg = Release|Any CPU
		{E6E8C9ED-6417-4246-A27B-A6FA18411266}.Release|Any CPU.Build.0 = Release|Any CPU
		{E6E8C9ED-6417-4246-A27B-A6FA18411266}.Release|x64.ActiveCfg = Release|Any CPU
		{E6E8C9ED-6417-4246-A27B-A6FA18411266}.Release|x64.Build.0 = Release|Any CPU
		{E6E8C9ED-6417-4246-A27B-A6FA18411266}.Release|x86.ActiveCfg = Release|Any CPU
		{E6E8C9ED-6417-4246-A27B-A6FA18411266}.Release|x86.Build.0 = Release|Any CPU
		{F520A3A0-DEF2-45BF-9D22-3DD65E1A48CF}.Debug|Any CPU.ActiveCfg = Debug|Any CPU
		{F520A3A0-DEF2-45BF-9D22-3DD65E1A48CF}.Debug|Any CPU.Build.0 = Debug|Any CPU
		{F520A3A0-DEF2-45BF-9D22-3DD65E1A48CF}.Debug|x64.ActiveCfg = Debug|Any CPU
		{F520A3A0-DEF2-45BF-9D22-3DD65E1A48CF}.Debug|x64.Build.0 = Debug|Any CPU
		{F520A3A0-DEF2-45BF-9D22-3DD65E1A48CF}.Debug|x86.ActiveCfg = Debug|Any CPU
		{F520A3A0-DEF2-45BF-9D22-3DD65E1A48CF}.Debug|x86.Build.0 = Debug|Any CPU
		{F520A3A0-DEF2-45BF-9D22-3DD65E1A48CF}.Release|Any CPU.ActiveCfg = Release|Any CPU
		{F520A3A0-DEF2-45BF-9D22-3DD65E1A48CF}.Release|Any CPU.Build.0 = Release|Any CPU
		{F520A3A0-DEF2-45BF-9D22-3DD65E1A48CF}.Release|x64.ActiveCfg = Release|Any CPU
		{F520A3A0-DEF2-45BF-9D22-3DD65E1A48CF}.Release|x64.Build.0 = Release|Any CPU
		{F520A3A0-DEF2-45BF-9D22-3DD65E1A48CF}.Release|x86.ActiveCfg = Release|Any CPU
		{F520A3A0-DEF2-45BF-9D22-3DD65E1A48CF}.Release|x86.Build.0 = Release|Any CPU
		{8079BC9B-8B2E-4567-BCFC-7DAFCDA7A210}.Debug|Any CPU.ActiveCfg = Debug|Any CPU
		{8079BC9B-8B2E-4567-BCFC-7DAFCDA7A210}.Debug|Any CPU.Build.0 = Debug|Any CPU
		{8079BC9B-8B2E-4567-BCFC-7DAFCDA7A210}.Debug|x64.ActiveCfg = Debug|Any CPU
		{8079BC9B-8B2E-4567-BCFC-7DAFCDA7A210}.Debug|x64.Build.0 = Debug|Any CPU
		{8079BC9B-8B2E-4567-BCFC-7DAFCDA7A210}.Debug|x86.ActiveCfg = Debug|Any CPU
		{8079BC9B-8B2E-4567-BCFC-7DAFCDA7A210}.Debug|x86.Build.0 = Debug|Any CPU
		{8079BC9B-8B2E-4567-BCFC-7DAFCDA7A210}.Release|Any CPU.ActiveCfg = Release|Any CPU
		{8079BC9B-8B2E-4567-BCFC-7DAFCDA7A210}.Release|Any CPU.Build.0 = Release|Any CPU
		{8079BC9B-8B2E-4567-BCFC-7DAFCDA7A210}.Release|x64.ActiveCfg = Release|Any CPU
		{8079BC9B-8B2E-4567-BCFC-7DAFCDA7A210}.Release|x64.Build.0 = Release|Any CPU
		{8079BC9B-8B2E-4567-BCFC-7DAFCDA7A210}.Release|x86.ActiveCfg = Release|Any CPU
		{8079BC9B-8B2E-4567-BCFC-7DAFCDA7A210}.Release|x86.Build.0 = Release|Any CPU
		{60F097C3-5FFD-40E2-8939-1CF1B6DF51C9}.Debug|Any CPU.ActiveCfg = Debug|Any CPU
		{60F097C3-5FFD-40E2-8939-1CF1B6DF51C9}.Debug|Any CPU.Build.0 = Debug|Any CPU
		{60F097C3-5FFD-40E2-8939-1CF1B6DF51C9}.Debug|x64.ActiveCfg = Debug|Any CPU
		{60F097C3-5FFD-40E2-8939-1CF1B6DF51C9}.Debug|x64.Build.0 = Debug|Any CPU
		{60F097C3-5FFD-40E2-8939-1CF1B6DF51C9}.Debug|x86.ActiveCfg = Debug|Any CPU
		{60F097C3-5FFD-40E2-8939-1CF1B6DF51C9}.Debug|x86.Build.0 = Debug|Any CPU
		{60F097C3-5FFD-40E2-8939-1CF1B6DF51C9}.Release|Any CPU.ActiveCfg = Release|Any CPU
		{60F097C3-5FFD-40E2-8939-1CF1B6DF51C9}.Release|Any CPU.Build.0 = Release|Any CPU
		{60F097C3-5FFD-40E2-8939-1CF1B6DF51C9}.Release|x64.ActiveCfg = Release|Any CPU
		{60F097C3-5FFD-40E2-8939-1CF1B6DF51C9}.Release|x64.Build.0 = Release|Any CPU
		{60F097C3-5FFD-40E2-8939-1CF1B6DF51C9}.Release|x86.ActiveCfg = Release|Any CPU
		{60F097C3-5FFD-40E2-8939-1CF1B6DF51C9}.Release|x86.Build.0 = Release|Any CPU
	EndGlobalSection
	GlobalSection(SolutionProperties) = preSolution
		HideSolutionNode = FALSE
	EndGlobalSection
	GlobalSection(NestedProjects) = preSolution
		{A4B643BF-EE09-4CB8-BFE4-22E9C8ED60C6} = {10927921-A55F-47E2-94BA-B72ECA788F50}
		{B1ADE3FD-88D9-4480-B0DB-256560DE8352} = {FE8D9879-639A-4B46-A627-6DB1BCFA41E6}
		{9EE1B0FC-B484-43B3-8DB9-6EDBCB2C0A09} = {10927921-A55F-47E2-94BA-B72ECA788F50}
		{06C2FB48-2793-46B7-9420-DF1E5B56264D} = {10927921-A55F-47E2-94BA-B72ECA788F50}
		{43A5C314-149B-4434-9D3C-5A0650CE4E9C} = {A01CFCC5-52FD-4C50-AF65-C9C66D10BC8A}
		{66DDC5B6-42B8-4DE6-BE7B-6A021C135184} = {A01CFCC5-52FD-4C50-AF65-C9C66D10BC8A}
		{DE13C395-7236-4410-8439-D1A366A24789} = {A01CFCC5-52FD-4C50-AF65-C9C66D10BC8A}
		{E6E8C9ED-6417-4246-A27B-A6FA18411266} = {10927921-A55F-47E2-94BA-B72ECA788F50}
		{F520A3A0-DEF2-45BF-9D22-3DD65E1A48CF} = {A01CFCC5-52FD-4C50-AF65-C9C66D10BC8A}
		{8079BC9B-8B2E-4567-BCFC-7DAFCDA7A210} = {FE8D9879-639A-4B46-A627-6DB1BCFA41E6}
		{60F097C3-5FFD-40E2-8939-1CF1B6DF51C9} = {FE8D9879-639A-4B46-A627-6DB1BCFA41E6}
	EndGlobalSection
EndGlobal
